
Microsoft Visual Studio Solution File, Format Version 12.00
# Visual Studio Version 15
VisualStudioVersion = 15.0.28307.645
Project("{F184B08F-C81C-45F6-A57F-5ABD9991F28F}") = "ASPDOMSample", "ASPDOMSample\ASPDOMSample.vbproj", "{CD3BF438-AA4A-44DA-AB99-ADFBD6E1FF15}"
EndProject
Global
	GlobalSection(SolutionConfigurationPlatforms) = preSolution
		Debug|Any CPU = Debug|Any CPU
		Release|Any CPU = Release|Any CPU
	EndGlobalSection
	GlobalSection(ProjectConfigurationPlatforms) = postSolution
		{CD3BF438-AA4A-44DA-AB99-ADFBD6E1FF15}.Debug|Any CPU.ActiveCfg = Debug|Any CPU
		{CD3BF438-AA4A-44DA-AB99-ADFBD6E1FF15}.Debug|Any CPU.Build.0 = Debug|Any CPU
		{CD3BF438-AA4A-44DA-AB99-ADFBD6E1FF15}.Release|Any CPU.ActiveCfg = Release|Any CPU
		{CD3BF438-AA4A-44DA-AB99-ADFBD6E1FF15}.Release|Any CPU.Build.0 = Release|Any CPU
	EndGlobalSection
	GlobalSection(SolutionProperties) = preSolution
		HideSolutionNode = FALSE
	EndGlobalSection
	GlobalSection(ExtensibilityGlobals) = postSolution
		SolutionGuid = {FEE44E55-4B6A-4DA8-8AEB-035EE77A9125}
	EndGlobalSection
EndGlobal
