
Microsoft Visual Studio Solution File, Format Version 12.00
# Visual Studio 2013
VisualStudioVersion = 12.0.30723.0
MinimumVisualStudioVersion = 10.0.40219.1
Project("{F184B08F-C81C-45F6-A57F-5ABD9991F28F}") = "DesignerProperty", "DesignerPropertySample\DesignerProperty.vbproj", "{2C493CCF-99CE-4EFF-8482-2948821270E8}"
	ProjectSection(ProjectDependencies) = postProject
		{DED68879-0C21-4EF4-877D-0A3061A3F32E} = {DED68879-0C21-4EF4-877D-0A3061A3F32E}
	EndProjectSection
EndProject
Project("{F184B08F-C81C-45F6-A57F-5ABD9991F28F}") = "MapsObject", "MapsDesignerObject\MapsObject.vbproj", "{DED68879-0C21-4EF4-877D-0A3061A3F32E}"
EndProject
Global
	GlobalSection(SolutionConfigurationPlatforms) = preSolution
		Debug|Any CPU = Debug|Any CPU
		Debug|Mixed Platforms = Debug|Mixed Platforms
		Debug|x86 = Debug|x86
		Release|Any CPU = Release|Any CPU
		Release|Mixed Platforms = Release|Mixed Platforms
		Release|x86 = Release|x86
	EndGlobalSection
	GlobalSection(ProjectConfigurationPlatforms) = postSolution
		{2C493CCF-99CE-4EFF-8482-2948821270E8}.Debug|Any CPU.ActiveCfg = Debug|Any CPU
		{2C493CCF-99CE-4EFF-8482-2948821270E8}.Debug|Any CPU.Build.0 = Debug|Any CPU
		{2C493CCF-99CE-4EFF-8482-2948821270E8}.Debug|Mixed Platforms.ActiveCfg = Debug|Any CPU
		{2C493CCF-99CE-4EFF-8482-2948821270E8}.Debug|Mixed Platforms.Build.0 = Debug|Any CPU
		{2C493CCF-99CE-4EFF-8482-2948821270E8}.Debug|x86.ActiveCfg = Debug|Any CPU
		{2C493CCF-99CE-4EFF-8482-2948821270E8}.Release|Any CPU.ActiveCfg = Release|Any CPU
		{2C493CCF-99CE-4EFF-8482-2948821270E8}.Release|Any CPU.Build.0 = Release|Any CPU
		{2C493CCF-99CE-4EFF-8482-2948821270E8}.Release|Mixed Platforms.ActiveCfg = Release|Any CPU
		{2C493CCF-99CE-4EFF-8482-2948821270E8}.Release|Mixed Platforms.Build.0 = Release|Any CPU
		{2C493CCF-99CE-4EFF-8482-2948821270E8}.Release|x86.ActiveCfg = Release|Any CPU
		{DED68879-0C21-4EF4-877D-0A3061A3F32E}.Debug|Any CPU.ActiveCfg = Debug|Any CPU
		{DED68879-0C21-4EF4-877D-0A3061A3F32E}.Debug|Any CPU.Build.0 = Debug|Any CPU
		{DED68879-0C21-4EF4-877D-0A3061A3F32E}.Debug|Mixed Platforms.ActiveCfg = Debug|Any CPU
		{DED68879-0C21-4EF4-877D-0A3061A3F32E}.Debug|Mixed Platforms.Build.0 = Debug|Any CPU
		{DED68879-0C21-4EF4-877D-0A3061A3F32E}.Debug|x86.ActiveCfg = Debug|Any CPU
		{DED68879-0C21-4EF4-877D-0A3061A3F32E}.Release|Any CPU.ActiveCfg = Release|Any CPU
		{DED68879-0C21-4EF4-877D-0A3061A3F32E}.Release|Any CPU.Build.0 = Release|Any CPU
		{DED68879-0C21-4EF4-877D-0A3061A3F32E}.Release|Mixed Platforms.ActiveCfg = Release|Any CPU
		{DED68879-0C21-4EF4-877D-0A3061A3F32E}.Release|Mixed Platforms.Build.0 = Release|Any CPU
		{DED68879-0C21-4EF4-877D-0A3061A3F32E}.Release|x86.ActiveCfg = Release|Any CPU
	EndGlobalSection
	GlobalSection(SolutionProperties) = preSolution
		HideSolutionNode = FALSE
	EndGlobalSection
EndGlobal
