
Microsoft Visual Studio Solution File, Format Version 12.00
# Visual Studio Version 15
VisualStudioVersion = 15.0.28307.572
Project("{F184B08F-C81C-45F6-A57F-5ABD9991F28F}") = "DesignerControl", "DesignerControl.vbproj", "{A6F0A1CB-AEDC-4A4B-ABA5-B24B2F395284}"
EndProject
Global
	GlobalSection(SolutionConfigurationPlatforms) = preSolution
		Debug|Any CPU = Debug|Any CPU
		Debug|x86 = Debug|x86
		Release|Any CPU = Release|Any CPU
		Release|x86 = Release|x86
	EndGlobalSection
	GlobalSection(ProjectConfigurationPlatforms) = postSolution
		{A6F0A1CB-AEDC-4A4B-ABA5-B24B2F395284}.Debug|Any CPU.ActiveCfg = Debug|Any CPU
		{A6F0A1CB-AEDC-4A4B-ABA5-B24B2F395284}.Debug|Any CPU.Build.0 = Debug|Any CPU
		{A6F0A1CB-AEDC-4A4B-ABA5-B24B2F395284}.Debug|x86.ActiveCfg = Debug|x86
		{A6F0A1CB-AEDC-4A4B-ABA5-B24B2F395284}.Debug|x86.Build.0 = Debug|x86
		{A6F0A1CB-AEDC-4A4B-ABA5-B24B2F395284}.Release|Any CPU.ActiveCfg = Release|Any CPU
		{A6F0A1CB-AEDC-4A4B-ABA5-B24B2F395284}.Release|Any CPU.Build.0 = Release|Any CPU
		{A6F0A1CB-AEDC-4A4B-ABA5-B24B2F395284}.Release|x86.ActiveCfg = Release|x86
		{A6F0A1CB-AEDC-4A4B-ABA5-B24B2F395284}.Release|x86.Build.0 = Release|x86
	EndGlobalSection
	GlobalSection(SolutionProperties) = preSolution
		HideSolutionNode = FALSE
	EndGlobalSection
EndGlobal
