
Microsoft Visual Studio Solution File, Format Version 12.00
# Visual Studio Version 17
VisualStudioVersion = 17.6.33815.320
MinimumVisualStudioVersion = 10.0.40219.1
Project("{9A19103F-16F7-4668-BE54-9A1E7A4F7556}") = "Blazor MVC Web Reporting Sample", "Blazor MVC Web Reporting Sample.csproj", "{B77CCB0D-1F86-4820-A2FB-9B8270F0966E}"
EndProject
Global
	GlobalSection(SolutionConfigurationPlatforms) = preSolution
		Debug|Any CPU = Debug|Any CPU
		Release|Any CPU = Release|Any CPU
	EndGlobalSection
	GlobalSection(ProjectConfigurationPlatforms) = postSolution
		{B77CCB0D-1F86-4820-A2FB-9B8270F0966E}.Debug|Any CPU.ActiveCfg = Debug|Any CPU
		{B77CCB0D-1F86-4820-A2FB-9B8270F0966E}.Debug|Any CPU.Build.0 = Debug|Any CPU
		{B77CCB0D-1F86-4820-A2FB-9B8270F0966E}.Release|Any CPU.ActiveCfg = Release|Any CPU
		{B77CCB0D-1F86-4820-A2FB-9B8270F0966E}.Release|Any CPU.Build.0 = Release|Any CPU
	EndGlobalSection
	GlobalSection(SolutionProperties) = preSolution
		HideSolutionNode = FALSE
	EndGlobalSection
	GlobalSection(ExtensibilityGlobals) = postSolution
		SolutionGuid = {2F943E09-9251-4CAE-BF3B-E25C5BF0A624}
	EndGlobalSection
EndGlobal
