
Microsoft Visual Studio Solution File, Format Version 12.00
# Visual Studio 15
VisualStudioVersion = 15.0.28307.572
MinimumVisualStudioVersion = 10.0.40219.1
Project("{FAE04EC0-301F-11D3-BF4B-00C04F79EFBC}") = "WPFDataBinding", "WPFDataBinding.csproj", "{7BE9AD49-6FE5-4A7F-BF0A-09D2E50E4ED5}"
EndProject
Global
	GlobalSection(SolutionConfigurationPlatforms) = preSolution
		Debug|Any CPU = Debug|Any CPU
		Release|Any CPU = Release|Any CPU
	EndGlobalSection
	GlobalSection(ProjectConfigurationPlatforms) = postSolution
		{7BE9AD49-6FE5-4A7F-BF0A-09D2E50E4ED5}.Debug|Any CPU.ActiveCfg = Debug|Any CPU
		{7BE9AD49-6FE5-4A7F-BF0A-09D2E50E4ED5}.Debug|Any CPU.Build.0 = Debug|Any CPU
		{7BE9AD49-6FE5-4A7F-BF0A-09D2E50E4ED5}.Release|Any CPU.ActiveCfg = Release|Any CPU
		{7BE9AD49-6FE5-4A7F-BF0A-09D2E50E4ED5}.Release|Any CPU.Build.0 = Release|Any CPU
	EndGlobalSection
	GlobalSection(SolutionProperties) = preSolution
		HideSolutionNode = FALSE
	EndGlobalSection
	GlobalSection(ExtensibilityGlobals) = postSolution
		SolutionGuid = {A29B75BF-D393-444D-8A1A-D7BAB3433602}
	EndGlobalSection
EndGlobal
