
Microsoft Visual Studio Solution File, Format Version 12.00
# Visual Studio Version 17
VisualStudioVersion = 17.8.34525.116
MinimumVisualStudioVersion = 10.0.40219.1
Project("{9A19103F-16F7-4668-BE54-9A1E7A4F7556}") = "ReactWebReportingSample.Server", "ReactWebReportingSample.Server\ReactWebReportingSample.Server.csproj", "{7DEB3922-0D1E-44FD-A48C-70DE07E12F9A}"
EndProject
Project("{54A90642-561A-4BB1-A94E-469ADEE60C69}") = "reactwebreportingsample.client", "reactwebreportingsample.client\reactwebreportingsample.client.esproj", "{0FEBAB3F-CD6A-4139-98A8-2E1BDD147428}"
EndProject
Global
	GlobalSection(SolutionConfigurationPlatforms) = preSolution
		Debug|Any CPU = Debug|Any CPU
		Release|Any CPU = Release|Any CPU
	EndGlobalSection
	GlobalSection(ProjectConfigurationPlatforms) = postSolution
		{7DEB3922-0D1E-44FD-A48C-70DE07E12F9A}.Debug|Any CPU.ActiveCfg = Debug|Any CPU
		{7DEB3922-0D1E-44FD-A48C-70DE07E12F9A}.Debug|Any CPU.Build.0 = Debug|Any CPU
		{7DEB3922-0D1E-44FD-A48C-70DE07E12F9A}.Release|Any CPU.ActiveCfg = Release|Any CPU
		{7DEB3922-0D1E-44FD-A48C-70DE07E12F9A}.Release|Any CPU.Build.0 = Release|Any CPU
		{0FEBAB3F-CD6A-4139-98A8-2E1BDD147428}.Debug|Any CPU.ActiveCfg = Debug|Any CPU
		{0FEBAB3F-CD6A-4139-98A8-2E1BDD147428}.Debug|Any CPU.Build.0 = Debug|Any CPU
		{0FEBAB3F-CD6A-4139-98A8-2E1BDD147428}.Debug|Any CPU.Deploy.0 = Debug|Any CPU
		{0FEBAB3F-CD6A-4139-98A8-2E1BDD147428}.Release|Any CPU.ActiveCfg = Release|Any CPU
		{0FEBAB3F-CD6A-4139-98A8-2E1BDD147428}.Release|Any CPU.Build.0 = Release|Any CPU
		{0FEBAB3F-CD6A-4139-98A8-2E1BDD147428}.Release|Any CPU.Deploy.0 = Release|Any CPU
	EndGlobalSection
	GlobalSection(SolutionProperties) = preSolution
		HideSolutionNode = FALSE
	EndGlobalSection
	GlobalSection(ExtensibilityGlobals) = postSolution
		SolutionGuid = {2FF59C4D-F605-40DF-9CE2-F07E1A1A6CEE}
	EndGlobalSection
EndGlobal
