
Microsoft Visual Studio Solution File, Format Version 12.00
# Visual Studio Version 17
VisualStudioVersion = 17.2.32616.157
Project("{9A19103F-16F7-4668-BE54-9A1E7A4F7556}") = "Angular Web Reporting Sample", "Angular Web Reporting Sample.csproj", "{96BBD35E-1EBE-450B-B6CA-5D48A3E10F6D}"
EndProject
Global
	GlobalSection(SolutionConfigurationPlatforms) = preSolution
		Debug|Any CPU = Debug|Any CPU
		Release|Any CPU = Release|Any CPU
	EndGlobalSection
	GlobalSection(ProjectConfigurationPlatforms) = postSolution
		{96BBD35E-1EBE-450B-B6CA-5D48A3E10F6D}.Debug|Any CPU.ActiveCfg = Debug|Any CPU
		{96BBD35E-1EBE-450B-B6CA-5D48A3E10F6D}.Debug|Any CPU.Build.0 = Debug|Any CPU
		{96BBD35E-1EBE-450B-B6CA-5D48A3E10F6D}.Release|Any CPU.ActiveCfg = Release|Any CPU
		{96BBD35E-1EBE-450B-B6CA-5D48A3E10F6D}.Release|Any CPU.Build.0 = Release|Any CPU
	EndGlobalSection
	GlobalSection(SolutionProperties) = preSolution
		HideSolutionNode = FALSE
	EndGlobalSection
	GlobalSection(ExtensibilityGlobals) = postSolution
		SolutionGuid = {759D6A6D-C3EF-4C6E-9E9E-6CEB3CE69466}
	EndGlobalSection
EndGlobal
