
Microsoft Visual Studio Solution File, Format Version 12.00
# Visual Studio Version 15
VisualStudioVersion = 15.0.28307.572
Project("{F184B08F-C81C-45F6-A57F-5ABD9991F28F}") = "CustomDataProvider", "CustomDataProvider.vbproj", "{6C13F057-A441-46B0-B926-D3A1F53A38EF}"
EndProject
Global
	GlobalSection(SolutionConfigurationPlatforms) = preSolution
		Debug|Any CPU = Debug|Any CPU
		Release|Any CPU = Release|Any CPU
	EndGlobalSection
	GlobalSection(ProjectConfigurationPlatforms) = postSolution
		{6C13F057-A441-46B0-B926-D3A1F53A38EF}.Debug|Any CPU.ActiveCfg = Debug|Any CPU
		{6C13F057-A441-46B0-B926-D3A1F53A38EF}.Debug|Any CPU.Build.0 = Debug|Any CPU
		{6C13F057-A441-46B0-B926-D3A1F53A38EF}.Release|Any CPU.ActiveCfg = Release|Any CPU
		{6C13F057-A441-46B0-B926-D3A1F53A38EF}.Release|Any CPU.Build.0 = Release|Any CPU
	EndGlobalSection
	GlobalSection(SolutionProperties) = preSolution
		HideSolutionNode = FALSE
	EndGlobalSection
	GlobalSection(ExtensibilityGlobals) = postSolution
		SolutionGuid = {0A3BB77B-429E-4937-B257-C2B613488C79}
	EndGlobalSection
EndGlobal
