
Microsoft Visual Studio Solution File, Format Version 12.00
# Visual Studio 14
VisualStudioVersion = 14.0.25420.1
MinimumVisualStudioVersion = 10.0.40219.1
Project("{FAE04EC0-301F-11D3-BF4B-00C04F79EFBC}") = "Web Reporting Sample", "Web Reporting Sample.csproj", "{A385BE43-EA6B-44AA-913E-084E13A7FD76}"
EndProject
Global
	GlobalSection(SolutionConfigurationPlatforms) = preSolution
		Debug|Any CPU = Debug|Any CPU
		Release|Any CPU = Release|Any CPU
	EndGlobalSection
	GlobalSection(ProjectConfigurationPlatforms) = postSolution
		{A385BE43-EA6B-44AA-913E-084E13A7FD76}.Debug|Any CPU.ActiveCfg = Debug|Any CPU
		{A385BE43-EA6B-44AA-913E-084E13A7FD76}.Debug|Any CPU.Build.0 = Debug|Any CPU
		{A385BE43-EA6B-44AA-913E-084E13A7FD76}.Release|Any CPU.ActiveCfg = Release|Any CPU
		{A385BE43-EA6B-44AA-913E-084E13A7FD76}.Release|Any CPU.Build.0 = Release|Any CPU
	EndGlobalSection
	GlobalSection(SolutionProperties) = preSolution
		HideSolutionNode = FALSE
	EndGlobalSection
EndGlobal
