
Microsoft Visual Studio Solution File, Format Version 12.00
# Visual Studio Version 16
VisualStudioVersion = 16.0.28803.452
Project("{FAE04EC0-301F-11D3-BF4B-00C04F79EFBC}") = "CustomDataProvider", "CustomDataProvider.csproj", "{814CA346-2328-413B-9036-4CAD142CC2B4}"
EndProject
Global
	GlobalSection(SolutionConfigurationPlatforms) = preSolution
		Debug|Any CPU = Debug|Any CPU
		Release|Any CPU = Release|Any CPU
	EndGlobalSection
	GlobalSection(ProjectConfigurationPlatforms) = postSolution
		{814CA346-2328-413B-9036-4CAD142CC2B4}.Debug|Any CPU.ActiveCfg = Debug|Any CPU
		{814CA346-2328-413B-9036-4CAD142CC2B4}.Debug|Any CPU.Build.0 = Debug|Any CPU
		{814CA346-2328-413B-9036-4CAD142CC2B4}.Release|Any CPU.ActiveCfg = Release|Any CPU
		{814CA346-2328-413B-9036-4CAD142CC2B4}.Release|Any CPU.Build.0 = Release|Any CPU
	EndGlobalSection
	GlobalSection(SolutionProperties) = preSolution
		HideSolutionNode = FALSE
	EndGlobalSection
	GlobalSection(ExtensibilityGlobals) = postSolution
		SolutionGuid = {97B436F6-393F-4F66-A942-E656229CF4D7}
	EndGlobalSection
EndGlobal
Global
