
Microsoft Visual Studio Solution File, Format Version 12.00
# Visual Studio 16
VisualStudioVersion = 16.0.28803.452
MinimumVisualStudioVersion = 10.0.40219.1
Project("{FAE04EC0-301F-11D3-BF4B-00C04F79EFBC}") = "LLViewer", "LLViewer.csproj", "{DA9E8D72-6C89-4357-BB74-99596F76F63F}"
EndProject
Global
	GlobalSection(SolutionConfigurationPlatforms) = preSolution
		Debug|Any CPU = Debug|Any CPU
		Release|Any CPU = Release|Any CPU
	EndGlobalSection
	GlobalSection(ProjectConfigurationPlatforms) = postSolution
		{DA9E8D72-6C89-4357-BB74-99596F76F63F}.Debug|Any CPU.ActiveCfg = Debug|Any CPU
		{DA9E8D72-6C89-4357-BB74-99596F76F63F}.Debug|Any CPU.Build.0 = Debug|Any CPU
		{DA9E8D72-6C89-4357-BB74-99596F76F63F}.Release|Any CPU.ActiveCfg = Release|Any CPU
		{DA9E8D72-6C89-4357-BB74-99596F76F63F}.Release|Any CPU.Build.0 = Release|Any CPU
	EndGlobalSection
	GlobalSection(SolutionProperties) = preSolution
		HideSolutionNode = FALSE
	EndGlobalSection
	GlobalSection(ExtensibilityGlobals) = postSolution
		SolutionGuid = {0044E7DA-0987-4144-BB5E-2B67565E8B47}
	EndGlobalSection
EndGlobal
Global
