
Microsoft Visual Studio Solution File, Format Version 12.00
# Visual Studio Version 17
VisualStudioVersion = 17.14.36717.8 d17.14
MinimumVisualStudioVersion = 10.0.40219.1
Project("{FAE04EC0-301F-11D3-BF4B-00C04F79EFBC}") = "DataBinding", "DataBinding.csproj", "{73B7196C-D56E-4D7E-9C0C-63ED008708D1}"
EndProject
Global
	GlobalSection(SolutionConfigurationPlatforms) = preSolution
		Debug|Any CPU = Debug|Any CPU
		Release|Any CPU = Release|Any CPU
	EndGlobalSection
	GlobalSection(ProjectConfigurationPlatforms) = postSolution
		{73B7196C-D56E-4D7E-9C0C-63ED008708D1}.Debug|Any CPU.ActiveCfg = Debug|Any CPU
		{73B7196C-D56E-4D7E-9C0C-63ED008708D1}.Debug|Any CPU.Build.0 = Debug|Any CPU
		{73B7196C-D56E-4D7E-9C0C-63ED008708D1}.Release|Any CPU.ActiveCfg = Release|Any CPU
		{73B7196C-D56E-4D7E-9C0C-63ED008708D1}.Release|Any CPU.Build.0 = Release|Any CPU
	EndGlobalSection
	GlobalSection(SolutionProperties) = preSolution
		HideSolutionNode = FALSE
	EndGlobalSection
	GlobalSection(ExtensibilityGlobals) = postSolution
		SolutionGuid = {5F5127E0-EE82-439D-B84F-1C46F7F535EC}
	EndGlobalSection
EndGlobal
