
Microsoft Visual Studio Solution File, Format Version 10.00
# Visual Studio 2008
Project("{8BC9CEB8-8B4A-11D0-8D11-00A0C91BC942}") = "DesignerPreview", "DesignerPreview.vcproj", "{115C308E-A5A1-426D-BAB9-EB248D41A7EF}"
EndProject
Global
	GlobalSection(SolutionConfigurationPlatforms) = preSolution
		Debug|Win32 = Debug|Win32
		Release|Win32 = Release|Win32
	EndGlobalSection
	GlobalSection(ProjectConfigurationPlatforms) = postSolution
		{115C308E-A5A1-426D-BAB9-EB248D41A7EF}.Debug|Win32.ActiveCfg = Debug|Win32
		{115C308E-A5A1-426D-BAB9-EB248D41A7EF}.Debug|Win32.Build.0 = Debug|Win32
		{115C308E-A5A1-426D-BAB9-EB248D41A7EF}.Release|Win32.ActiveCfg = Release|Win32
		{115C308E-A5A1-426D-BAB9-EB248D41A7EF}.Release|Win32.Build.0 = Release|Win32
	EndGlobalSection
	GlobalSection(SolutionProperties) = preSolution
		HideSolutionNode = FALSE
	EndGlobalSection
EndGlobal
