

Microsoft Visual Studio Solution File, Format Version 10.00
# Visual Studio 2008
Project("{F184B08F-C81C-45F6-A57F-5ABD9991F28F}") = "ObjectDataProviderSample", "ObjectDataProviderSample.vbproj", "{FD487132-496D-4B4A-A121-E950A939444D}"
EndProject
Global
	GlobalSection(SolutionConfigurationPlatforms) = preSolution
		Debug|x86 = Debug|x86
		Release|x86 = Release|x86
	EndGlobalSection
	GlobalSection(ProjectConfigurationPlatforms) = postSolution
		{FD487132-496D-4B4A-A121-E950A939444D}.Debug|x86.ActiveCfg = Debug|Any CPU
		{FD487132-496D-4B4A-A121-E950A939444D}.Debug|x86.Build.0 = Debug|Any CPU
		{FD487132-496D-4B4A-A121-E950A939444D}.Release|x86.ActiveCfg = Release|Any CPU
	EndGlobalSection
	GlobalSection(SolutionProperties) = preSolution
		HideSolutionNode = FALSE
	EndGlobalSection
EndGlobal
