
Microsoft Visual Studio Solution File, Format Version 12.00
# Visual Studio Version 16
VisualStudioVersion = 16.0.28803.452
Project("{FAE04EC0-301F-11D3-BF4B-00C04F79EFBC}") = "CodeDomSample", "CodeDomSample.csproj", "{F4783488-564D-431A-AF22-24EE774D24A6}"
EndProject
Global
	GlobalSection(SolutionConfigurationPlatforms) = preSolution
		Debug|Any CPU = Debug|Any CPU
		Release|Any CPU = Release|Any CPU
	EndGlobalSection
	GlobalSection(ProjectConfigurationPlatforms) = postSolution
		{F4783488-564D-431A-AF22-24EE774D24A6}.Debug|Any CPU.ActiveCfg = Debug|Any CPU
		{F4783488-564D-431A-AF22-24EE774D24A6}.Debug|Any CPU.Build.0 = Debug|Any CPU
		{F4783488-564D-431A-AF22-24EE774D24A6}.Release|Any CPU.ActiveCfg = Release|Any CPU
		{F4783488-564D-431A-AF22-24EE774D24A6}.Release|Any CPU.Build.0 = Release|Any CPU
	EndGlobalSection
	GlobalSection(SolutionProperties) = preSolution
		HideSolutionNode = FALSE
	EndGlobalSection
	GlobalSection(ExtensibilityGlobals) = postSolution
		SolutionGuid = {3F27E9F0-81C5-40AF-8197-DCD217C2ABE3}
	EndGlobalSection
EndGlobal
Global
