
Microsoft Visual Studio Solution File, Format Version 12.00
# Visual Studio Version 16
VisualStudioVersion = 16.0.28803.452
Project("{FAE04EC0-301F-11D3-BF4B-00C04F79EFBC}") = "CustomDataProvider", "CustomDataProvider.csproj", "{80AFA049-67BF-498E-8DB9-5109C5DA296F}"
EndProject
Global
	GlobalSection(SolutionConfigurationPlatforms) = preSolution
		Debug|x64 = Debug|x64
		Release|x64 = Release|x64
	EndGlobalSection
	GlobalSection(ProjectConfigurationPlatforms) = postSolution
		{80AFA049-67BF-498E-8DB9-5109C5DA296F}.Debug|x64.ActiveCfg = Debug|x64
		{80AFA049-67BF-498E-8DB9-5109C5DA296F}.Debug|x64.Build.0 = Debug|x64
		{80AFA049-67BF-498E-8DB9-5109C5DA296F}.Release|x64.ActiveCfg = Release|x64
		{80AFA049-67BF-498E-8DB9-5109C5DA296F}.Release|x64.Build.0 = Release|x64
	EndGlobalSection
	GlobalSection(SolutionProperties) = preSolution
		HideSolutionNode = FALSE
	EndGlobalSection
EndGlobal
