
Microsoft Visual Studio Solution File, Format Version 12.00
# Visual Studio Version 15
VisualStudioVersion = 15.0.28307.572
Project("{FAE04EC0-301F-11D3-BF4B-00C04F79EFBC}") = "DataGridView", "DataGridView.csproj", "{3ECAEAFD-F9E0-4D0B-80E6-E3258C22D536}"
EndProject
Global
	GlobalSection(SolutionConfigurationPlatforms) = preSolution
		Debug|Any CPU = Debug|Any CPU
		Release|Any CPU = Release|Any CPU
	EndGlobalSection
	GlobalSection(ProjectConfigurationPlatforms) = postSolution
		{3ECAEAFD-F9E0-4D0B-80E6-E3258C22D536}.Debug|Any CPU.ActiveCfg = Debug|Any CPU
		{3ECAEAFD-F9E0-4D0B-80E6-E3258C22D536}.Debug|Any CPU.Build.0 = Debug|Any CPU
		{3ECAEAFD-F9E0-4D0B-80E6-E3258C22D536}.Release|Any CPU.ActiveCfg = Release|Any CPU
		{3ECAEAFD-F9E0-4D0B-80E6-E3258C22D536}.Release|Any CPU.Build.0 = Release|Any CPU
	EndGlobalSection
	GlobalSection(SolutionProperties) = preSolution
		HideSolutionNode = FALSE
	EndGlobalSection
	GlobalSection(ExtensibilityGlobals) = postSolution
		SolutionGuid = {30AD14DC-DA9C-4155-BDE9-C32966930845}
	EndGlobalSection
EndGlobal
