Microsoft Visual Studio Solution File, Format Version 12.00
# Visual Studio Version 15
VisualStudioVersion = 15.0.28307.572
Project("{FAE04EC0-301F-11D3-BF4B-00C04F79EFBC}") = "csharpviewer", "csharpviewer.csproj", "{46B295C8-0838-454F-91C3-224588C207CB}"
EndProject
Global
	GlobalSection(SolutionConfigurationPlatforms) = preSolution
		Debug|Any CPU = Debug|Any CPU
		Release|Any CPU = Release|Any CPU
	EndGlobalSection
	GlobalSection(ProjectConfigurationPlatforms) = postSolution
		{46B295C8-0838-454F-91C3-224588C207CB}.Debug|Any CPU.ActiveCfg = Debug|Any CPU
		{46B295C8-0838-454F-91C3-224588C207CB}.Debug|Any CPU.Build.0 = Debug|Any CPU
		{46B295C8-0838-454F-91C3-224588C207CB}.Release|Any CPU.ActiveCfg = Release|Any CPU
		{46B295C8-0838-454F-91C3-224588C207CB}.Release|Any CPU.Build.0 = Release|Any CPU
	EndGlobalSection
	GlobalSection(SolutionProperties) = preSolution
		HideSolutionNode = FALSE
	EndGlobalSection
	GlobalSection(ExtensibilityGlobals) = postSolution
		SolutionGuid = {27A2B423-EDC0-4002-A6BA-7828BFAC2096}
	EndGlobalSection
EndGlobal
