
Microsoft Visual Studio Solution File, Format Version 11.00
# Visual Studio 14
VisualStudioVersion = 14.0.25123.0
MinimumVisualStudioVersion = 10.0.40219.1
Project("{F184B08F-C81C-45F6-A57F-5ABD9991F28F}") = "Web Reporting Sample", "Web Reporting Sample.vbproj", "{5E7D3A7E-5A74-493B-B4F5-FC05D8E6DA61}"
EndProject
Global
	GlobalSection(SolutionConfigurationPlatforms) = preSolution
		Debug|Any CPU = Debug|Any CPU
		Release|Any CPU = Release|Any CPU
	EndGlobalSection
	GlobalSection(ProjectConfigurationPlatforms) = postSolution
		{5E7D3A7E-5A74-493B-B4F5-FC05D8E6DA61}.Debug|Any CPU.ActiveCfg = Debug|Any CPU
		{5E7D3A7E-5A74-493B-B4F5-FC05D8E6DA61}.Debug|Any CPU.Build.0 = Debug|Any CPU
		{5E7D3A7E-5A74-493B-B4F5-FC05D8E6DA61}.Release|Any CPU.ActiveCfg = Release|Any CPU
		{5E7D3A7E-5A74-493B-B4F5-FC05D8E6DA61}.Release|Any CPU.Build.0 = Release|Any CPU
	EndGlobalSection
	GlobalSection(SolutionProperties) = preSolution
		HideSolutionNode = FALSE
	EndGlobalSection
EndGlobal
