
Microsoft Visual Studio Solution File, Format Version 10.00
# Visual Studio 2008
Project("{8BC9CEB8-8B4A-11D0-8D11-00A0C91BC942}") = "Storage", "STORAGE.vcproj", "{40405990-63BD-4467-9B7A-DBC116D2DB0E}"
EndProject
Global
	GlobalSection(SolutionConfigurationPlatforms) = preSolution
		Debug|Win32 = Debug|Win32
		Release|Win32 = Release|Win32
	EndGlobalSection
	GlobalSection(ProjectConfigurationPlatforms) = postSolution
		{40405990-63BD-4467-9B7A-DBC116D2DB0E}.Debug|Win32.ActiveCfg = Debug|Win32
		{40405990-63BD-4467-9B7A-DBC116D2DB0E}.Debug|Win32.Build.0 = Debug|Win32
		{40405990-63BD-4467-9B7A-DBC116D2DB0E}.Release|Win32.ActiveCfg = Release|Win32
		{40405990-63BD-4467-9B7A-DBC116D2DB0E}.Release|Win32.Build.0 = Release|Win32
	EndGlobalSection
	GlobalSection(SolutionProperties) = preSolution
		HideSolutionNode = FALSE
	EndGlobalSection
EndGlobal
