
Microsoft Visual Studio Solution File, Format Version 10.00
# Visual Studio 2008
Project("{FAE04EC0-301F-11D3-BF4B-00C04F79EFBC}") = "DataGridView", "DataGridView.csproj", "{3ECAEAFD-F9E0-4D0B-80E6-E3258C22D536}"
EndProject
Global
	GlobalSection(SolutionConfigurationPlatforms) = preSolution
		Debug|Any CPU = Debug|Any CPU
		Release|Any CPU = Release|Any CPU
	EndGlobalSection
	GlobalSection(ProjectConfigurationPlatforms) = postSolution
		{3ECAEAFD-F9E0-4D0B-80E6-E3258C22D536}.Debug|Any CPU.ActiveCfg = Debug|Any CPU
		{3ECAEAFD-F9E0-4D0B-80E6-E3258C22D536}.Debug|Any CPU.Build.0 = Debug|Any CPU
		{3ECAEAFD-F9E0-4D0B-80E6-E3258C22D536}.Release|Any CPU.ActiveCfg = Release|Any CPU
		{3ECAEAFD-F9E0-4D0B-80E6-E3258C22D536}.Release|Any CPU.Build.0 = Release|Any CPU
	EndGlobalSection
	GlobalSection(SolutionProperties) = preSolution
		HideSolutionNode = FALSE
	EndGlobalSection
EndGlobal
