
Microsoft Visual Studio Solution File, Format Version 12.00
# Visual Studio Version 17
VisualStudioVersion = 17.14.36717.8 d17.14
MinimumVisualStudioVersion = 10.0.40219.1
Project("{FAE04EC0-301F-11D3-BF4B-00C04F79EFBC}") = "DataBinding2", "DataBinding2.csproj", "{B1F40DAA-8D20-4A87-BCB3-86C495E759AE}"
EndProject
Global
	GlobalSection(SolutionConfigurationPlatforms) = preSolution
		Debug|Any CPU = Debug|Any CPU
		Release|Any CPU = Release|Any CPU
	EndGlobalSection
	GlobalSection(ProjectConfigurationPlatforms) = postSolution
		{B1F40DAA-8D20-4A87-BCB3-86C495E759AE}.Debug|Any CPU.ActiveCfg = Debug|Any CPU
		{B1F40DAA-8D20-4A87-BCB3-86C495E759AE}.Debug|Any CPU.Build.0 = Debug|Any CPU
		{B1F40DAA-8D20-4A87-BCB3-86C495E759AE}.Release|Any CPU.ActiveCfg = Release|Any CPU
		{B1F40DAA-8D20-4A87-BCB3-86C495E759AE}.Release|Any CPU.Build.0 = Release|Any CPU
	EndGlobalSection
	GlobalSection(SolutionProperties) = preSolution
		HideSolutionNode = FALSE
	EndGlobalSection
	GlobalSection(ExtensibilityGlobals) = postSolution
		SolutionGuid = {DA053DB1-2239-452C-8655-451D68195621}
	EndGlobalSection
EndGlobal
