
Microsoft Visual Studio Solution File, Format Version 12.00
# Visual Studio Version 17
VisualStudioVersion = 17.14.36221.1
MinimumVisualStudioVersion = 10.0.40219.1
Project("{FAE04EC0-301F-11D3-BF4B-00C04F79EFBC}") = "Blazor Web Reporting Sample", "Blazor Web Reporting Sample.csproj", "{85F5C386-951F-4B14-A960-3FF39F2A10E1}"
EndProject
Global
	GlobalSection(SolutionConfigurationPlatforms) = preSolution
		Debug|Any CPU = Debug|Any CPU
		Release|Any CPU = Release|Any CPU
	EndGlobalSection
	GlobalSection(ProjectConfigurationPlatforms) = postSolution
		{85F5C386-951F-4B14-A960-3FF39F2A10E1}.Debug|Any CPU.ActiveCfg = Debug|Any CPU
		{85F5C386-951F-4B14-A960-3FF39F2A10E1}.Debug|Any CPU.Build.0 = Debug|Any CPU
		{85F5C386-951F-4B14-A960-3FF39F2A10E1}.Release|Any CPU.ActiveCfg = Release|Any CPU
		{85F5C386-951F-4B14-A960-3FF39F2A10E1}.Release|Any CPU.Build.0 = Release|Any CPU
	EndGlobalSection
	GlobalSection(SolutionProperties) = preSolution
		HideSolutionNode = FALSE
	EndGlobalSection
	GlobalSection(ExtensibilityGlobals) = postSolution
		SolutionGuid = {44A04574-9157-4418-BCEC-2A7ADEAA6DA7}
	EndGlobalSection
EndGlobal
