
Microsoft Visual Studio Solution File, Format Version 12.00
# Visual Studio 15
VisualStudioVersion = 15.0.28307.572
MinimumVisualStudioVersion = 10.0.40219.1
Project("{F184B08F-C81C-45F6-A57F-5ABD9991F28F}") = "viewer", "viewer.vbproj", "{77DEBEB0-8043-4749-8BBB-8244DDDE97D6}"
EndProject
Global
	GlobalSection(SolutionConfigurationPlatforms) = preSolution
		Debug|Any CPU = Debug|Any CPU
		Release|Any CPU = Release|Any CPU
	EndGlobalSection
	GlobalSection(ProjectConfigurationPlatforms) = postSolution
		{77DEBEB0-8043-4749-8BBB-8244DDDE97D6}.Debug|Any CPU.ActiveCfg = Debug|Any CPU
		{77DEBEB0-8043-4749-8BBB-8244DDDE97D6}.Debug|Any CPU.Build.0 = Debug|Any CPU
		{77DEBEB0-8043-4749-8BBB-8244DDDE97D6}.Release|Any CPU.ActiveCfg = Release|Any CPU
		{77DEBEB0-8043-4749-8BBB-8244DDDE97D6}.Release|Any CPU.Build.0 = Release|Any CPU
	EndGlobalSection
	GlobalSection(SolutionProperties) = preSolution
		HideSolutionNode = FALSE
	EndGlobalSection
	GlobalSection(ExtensibilityGlobals) = postSolution
		SolutionGuid = {301A9BC7-B296-4F1F-8DF2-F667EFC115D9}
	EndGlobalSection
EndGlobal
