
Microsoft Visual Studio Solution File, Format Version 12.00
# Visual Studio Version 17
VisualStudioVersion = 17.11.35222.181
MinimumVisualStudioVersion = 10.0.40219.1
Project("{FAE04EC0-301F-11D3-BF4B-00C04F79EFBC}") = "Repository", "Repository.csproj", "{E0004C7F-6469-4E52-AA46-F3ED051EA71A}"
EndProject
Global
	GlobalSection(SolutionConfigurationPlatforms) = preSolution
		Debug|Any CPU = Debug|Any CPU
		Release|Any CPU = Release|Any CPU
	EndGlobalSection
	GlobalSection(ProjectConfigurationPlatforms) = postSolution
		{E0004C7F-6469-4E52-AA46-F3ED051EA71A}.Debug|Any CPU.ActiveCfg = Debug|Any CPU
		{E0004C7F-6469-4E52-AA46-F3ED051EA71A}.Debug|Any CPU.Build.0 = Debug|Any CPU
		{E0004C7F-6469-4E52-AA46-F3ED051EA71A}.Release|Any CPU.ActiveCfg = Release|Any CPU
		{E0004C7F-6469-4E52-AA46-F3ED051EA71A}.Release|Any CPU.Build.0 = Release|Any CPU
	EndGlobalSection
	GlobalSection(SolutionProperties) = preSolution
		HideSolutionNode = FALSE
	EndGlobalSection
	GlobalSection(ExtensibilityGlobals) = postSolution
		SolutionGuid = {65FCFE25-59D6-4FEE-828A-B6E97BE123DC}
	EndGlobalSection
EndGlobal
