
Microsoft Visual Studio Solution File, Format Version 12.00
# Visual Studio Version 16
VisualStudioVersion = 16.0.28803.452
Project("{9A19103F-16F7-4668-BE54-9A1E7A4F7556}") = "MVC Web Reporting Sample", "MVC Web Reporting Sample\MVC Web Reporting Sample.csproj", "{DAEDE61F-64A9-49FD-809B-B63028FE4A73}"
EndProject
Global
	GlobalSection(SolutionConfigurationPlatforms) = preSolution
		Debug|Any CPU = Debug|Any CPU
		Debug|x86 = Debug|x86
		Release|Any CPU = Release|Any CPU
		Release|x86 = Release|x86
	EndGlobalSection
	GlobalSection(ProjectConfigurationPlatforms) = postSolution
		{DAEDE61F-64A9-49FD-809B-B63028FE4A73}.Debug|Any CPU.ActiveCfg = Debug|Any CPU
		{DAEDE61F-64A9-49FD-809B-B63028FE4A73}.Debug|Any CPU.Build.0 = Debug|Any CPU
		{DAEDE61F-64A9-49FD-809B-B63028FE4A73}.Debug|x86.ActiveCfg = Debug|Any CPU
		{DAEDE61F-64A9-49FD-809B-B63028FE4A73}.Debug|x86.Build.0 = Debug|Any CPU
		{DAEDE61F-64A9-49FD-809B-B63028FE4A73}.Release|Any CPU.ActiveCfg = Release|Any CPU
		{DAEDE61F-64A9-49FD-809B-B63028FE4A73}.Release|Any CPU.Build.0 = Release|Any CPU
		{DAEDE61F-64A9-49FD-809B-B63028FE4A73}.Release|x86.ActiveCfg = Release|Any CPU
		{DAEDE61F-64A9-49FD-809B-B63028FE4A73}.Release|x86.Build.0 = Release|Any CPU
	EndGlobalSection
	GlobalSection(SolutionProperties) = preSolution
		HideSolutionNode = FALSE
	EndGlobalSection
	GlobalSection(ExtensibilityGlobals) = postSolution
		SolutionGuid = {62EFCD5B-A690-4508-BC2F-EC6DD7396425}
	EndGlobalSection
EndGlobal
