
Microsoft Visual Studio Solution File, Format Version 10.00
# Visual Studio 2008
Project("{8BC9CEB8-8B4A-11D0-8D11-00A0C91BC942}") = "DesignerExtension", "DesignerExtension.vcproj", "{B8BA946A-2CA2-42F9-A692-39D04B39C366}"
EndProject
Global
	GlobalSection(SolutionConfigurationPlatforms) = preSolution
		Debug|Win32 = Debug|Win32
		Release|Win32 = Release|Win32
	EndGlobalSection
	GlobalSection(ProjectConfigurationPlatforms) = postSolution
		{B8BA946A-2CA2-42F9-A692-39D04B39C366}.Debug|Win32.ActiveCfg = Debug|Win32
		{B8BA946A-2CA2-42F9-A692-39D04B39C366}.Debug|Win32.Build.0 = Debug|Win32
		{B8BA946A-2CA2-42F9-A692-39D04B39C366}.Release|Win32.ActiveCfg = Release|Win32
		{B8BA946A-2CA2-42F9-A692-39D04B39C366}.Release|Win32.Build.0 = Release|Win32
	EndGlobalSection
	GlobalSection(SolutionProperties) = preSolution
		HideSolutionNode = FALSE
	EndGlobalSection
EndGlobal
