
Microsoft Visual Studio Solution File, Format Version 12.00
# Visual Studio Version 15
VisualStudioVersion = 15.0.28307.572
Project("{F184B08F-C81C-45F6-A57F-5ABD9991F28F}") = "DataBinding2", "DataBinding2.vbproj", "{0B4AA6A3-FA72-4A21-A4D4-6C90A54ED480}"
EndProject
Global
	GlobalSection(SolutionConfigurationPlatforms) = preSolution
		Debug|Any CPU = Debug|Any CPU
		Debug|x64 = Debug|x64
		Release|Any CPU = Release|Any CPU
		Release|x64 = Release|x64
	EndGlobalSection
	GlobalSection(ProjectConfigurationPlatforms) = postSolution
		{0B4AA6A3-FA72-4A21-A4D4-6C90A54ED480}.Debug|Any CPU.ActiveCfg = Debug|Any CPU
		{0B4AA6A3-FA72-4A21-A4D4-6C90A54ED480}.Debug|Any CPU.Build.0 = Debug|Any CPU
		{0B4AA6A3-FA72-4A21-A4D4-6C90A54ED480}.Debug|x64.ActiveCfg = Debug|Any CPU
		{0B4AA6A3-FA72-4A21-A4D4-6C90A54ED480}.Release|Any CPU.ActiveCfg = Release|Any CPU
		{0B4AA6A3-FA72-4A21-A4D4-6C90A54ED480}.Release|Any CPU.Build.0 = Release|Any CPU
		{0B4AA6A3-FA72-4A21-A4D4-6C90A54ED480}.Release|x64.ActiveCfg = Release|Any CPU
	EndGlobalSection
	GlobalSection(SolutionProperties) = preSolution
		HideSolutionNode = FALSE
	EndGlobalSection
	GlobalSection(ExtensibilityGlobals) = postSolution
		SolutionGuid = {47AC2F66-55BF-4E22-934F-BE4BB10EB57F}
	EndGlobalSection
EndGlobal
