
Microsoft Visual Studio Solution File, Format Version 10.00
# Visual Studio 2008
Project("{8BC9CEB8-8B4A-11D0-8D11-00A0C91BC942}") = "DOM", "DOM.vcproj", "{26F3FA53-CEDA-4469-B351-3D0A3F8FA868}"
EndProject
Global
	GlobalSection(SolutionConfigurationPlatforms) = preSolution
		Debug|Win32 = Debug|Win32
		Release|Win32 = Release|Win32
	EndGlobalSection
	GlobalSection(ProjectConfigurationPlatforms) = postSolution
		{26F3FA53-CEDA-4469-B351-3D0A3F8FA868}.Debug|Win32.ActiveCfg = Debug|Win32
		{26F3FA53-CEDA-4469-B351-3D0A3F8FA868}.Debug|Win32.Build.0 = Debug|Win32
		{26F3FA53-CEDA-4469-B351-3D0A3F8FA868}.Release|Win32.ActiveCfg = Release|Win32
		{26F3FA53-CEDA-4469-B351-3D0A3F8FA868}.Release|Win32.Build.0 = Release|Win32
	EndGlobalSection
	GlobalSection(SolutionProperties) = preSolution
		HideSolutionNode = FALSE
	EndGlobalSection
EndGlobal
