
Microsoft Visual Studio Solution File, Format Version 12.00
# Visual Studio Version 16
VisualStudioVersion = 16.0.28803.452
Project("{FAE04EC0-301F-11D3-BF4B-00C04F79EFBC}") = "DOMAdvanced", "DOMAdvanced.csproj", "{2100A36F-945B-4F83-B4B6-71E303BF5B5B}"
EndProject
Global
	GlobalSection(SolutionConfigurationPlatforms) = preSolution
		Debug|Any CPU = Debug|Any CPU
		Release|Any CPU = Release|Any CPU
	EndGlobalSection
	GlobalSection(ProjectConfigurationPlatforms) = postSolution
		{2100A36F-945B-4F83-B4B6-71E303BF5B5B}.Debug|Any CPU.ActiveCfg = Debug|Any CPU
		{2100A36F-945B-4F83-B4B6-71E303BF5B5B}.Debug|Any CPU.Build.0 = Debug|Any CPU
		{2100A36F-945B-4F83-B4B6-71E303BF5B5B}.Release|Any CPU.ActiveCfg = Release|Any CPU
		{2100A36F-945B-4F83-B4B6-71E303BF5B5B}.Release|Any CPU.Build.0 = Release|Any CPU
	EndGlobalSection
	GlobalSection(SolutionProperties) = preSolution
		HideSolutionNode = FALSE
	EndGlobalSection
	GlobalSection(ExtensibilityGlobals) = postSolution
		SolutionGuid = {36155313-627B-4D54-A0EE-534B0348377F}
	EndGlobalSection
EndGlobal
Global
